# This file was autogenerated by Stack.
# You should not edit this file by hand.
# For more information, please see the documentation at:
#   https://docs.haskellstack.org/en/stable/lock_files

packages:
- completed:
    hackage: pandoc-include-code-1.3.0.0@sha256:6671d5183bef730ebf779119e5da0a003d9937b852d47b6ef2209d58073540fe,2092
    pantry-tree:
      size: 533
      sha256: 9351f3530d288405c97381946e72d93b5f76fb063646c1c3cb4699b0bca55e87
  original:
    hackage: pandoc-include-code-1.3.0.0
- completed:
    hackage: git-0.3.0@sha256:dc070840ab24792c9664b9e3e69c9d55d30fc36fee41049c548bb0e8ec83c919,3448
    pantry-tree:
      size: 1900
      sha256: da2861008035f16e43f0c4ea293cec15e04b398c911fa99322d159e19cd0266e
  original:
    hackage: git-0.3.0
snapshots:
- completed:
    size: 523443
    url: https://raw.githubusercontent.com/commercialhaskell/stackage-snapshots/master/nightly/2019/8/4.yaml
    sha256: 95bf4e8fcdaa9e87770fc0b401046786494db14133cbe74d5ff522e17ef94895
  original: nightly-2019-08-04
