# THIS IS AN AUTOGENERATED FILE. DO NOT EDIT THIS FILE DIRECTLY.
# yarn lockfile v1


reveal.js-menu@^1.1.3:
  version "1.1.3"
  resolved "https://registry.yarnpkg.com/reveal.js-menu/-/reveal.js-menu-1.1.3.tgz#f33a334803be66d9b7b08e2be511a4e94e0d8f14"

reveal.js@^3.7.0:
  version "3.7.0"
  resolved "https://registry.yarnpkg.com/reveal.js/-/reveal.js-3.7.0.tgz#7afaf72fd963000381289d58f3aa54c0c46b150c"
